// !$*UTF8*$!
{
	archiveVersion = 1;
	classes = {
	};
	objectVersion = 46;
	objects = {

/* Begin PBXBuildFile section */
		C61BD8FC1E185133005DFA97 /* AboutCollectionViewCell.swift in Sources */ = {isa = PBXBuildFile; fileRef = C61BD8FB1E185133005DFA97 /* AboutCollectionViewCell.swift */; };
		C62A4E901E1750E700FC81A9 /* EducationViewController.swift in Sources */ = {isa = PBXBuildFile; fileRef = C62A4E8F1E1750E700FC81A9 /* EducationViewController.swift */; };
		C62A4E921E1758CE00FC81A9 /* SkillViewController.swift in Sources */ = {isa = PBXBuildFile; fileRef = C62A4E911E1758CE00FC81A9 /* SkillViewController.swift */; };
		C62E1EB51E1D78FF00CDB41D /* EducationElementViewController.swift in Sources */ = {isa = PBXBuildFile; fileRef = C62E1EB41E1D78FF00CDB41D /* EducationElementViewController.swift */; };
		C6C1190D1E1449AB0041709B /* AppDelegate.swift in Sources */ = {isa = PBXBuildFile; fileRef = C6C1190C1E1449AB0041709B /* AppDelegate.swift */; };
		C6C119121E1449AB0041709B /* Main.storyboard in Resources */ = {isa = PBXBuildFile; fileRef = C6C119101E1449AB0041709B /* Main.storyboard */; };
		C6C119141E1449AB0041709B /* Assets.xcassets in Resources */ = {isa = PBXBuildFile; fileRef = C6C119131E1449AB0041709B /* Assets.xcassets */; };
		C6C119171E1449AB0041709B /* LaunchScreen.storyboard in Resources */ = {isa = PBXBuildFile; fileRef = C6C119151E1449AB0041709B /* LaunchScreen.storyboard */; };
		C6C119221E1449AB0041709B /* BukaCakTests.swift in Sources */ = {isa = PBXBuildFile; fileRef = C6C119211E1449AB0041709B /* BukaCakTests.swift */; };
		C6C1192D1E1449AB0041709B /* BukaCakUITests.swift in Sources */ = {isa = PBXBuildFile; fileRef = C6C1192C1E1449AB0041709B /* BukaCakUITests.swift */; };
		C6C1193B1E144C500041709B /* HomeViewController.swift in Sources */ = {isa = PBXBuildFile; fileRef = C6C1193A1E144C500041709B /* HomeViewController.swift */; };
		C6D4D4421E16E4D50061FD35 /* AboutViewController.swift in Sources */ = {isa = PBXBuildFile; fileRef = C6D4D4411E16E4D50061FD35 /* AboutViewController.swift */; };
		C6D4D4441E16E7C40061FD35 /* CircularTransition.swift in Sources */ = {isa = PBXBuildFile; fileRef = C6D4D4431E16E7C40061FD35 /* CircularTransition.swift */; };
		C6DA1D821E19C75200E91556 /* SchoolView.swift in Sources */ = {isa = PBXBuildFile; fileRef = C6DA1D811E19C75200E91556 /* SchoolView.swift */; };
		C6DA1D841E1B128200E91556 /* ProjectsViewController.swift in Sources */ = {isa = PBXBuildFile; fileRef = C6DA1D831E1B128200E91556 /* ProjectsViewController.swift */; };
		C6DA1D861E1B174800E91556 /* ProjectsCollectionViewCell.swift in Sources */ = {isa = PBXBuildFile; fileRef = C6DA1D851E1B174800E91556 /* ProjectsCollectionViewCell.swift */; };
		C6DA1D881E1B228400E91556 /* SkillLoaderView.swift in Sources */ = {isa = PBXBuildFile; fileRef = C6DA1D871E1B228400E91556 /* SkillLoaderView.swift */; };
		C6E9A6D01E1C9BA4009FE5B0 /* ContentProjectsViewController.swift in Sources */ = {isa = PBXBuildFile; fileRef = C6E9A6CF1E1C9BA4009FE5B0 /* ContentProjectsViewController.swift */; };
		C6E9A6D61E1C9CC6009FE5B0 /* MainProjectShowCase.swift in Sources */ = {isa = PBXBuildFile; fileRef = C6E9A6D51E1C9CC6009FE5B0 /* MainProjectShowCase.swift */; };
/* End PBXBuildFile section */

/* Begin PBXContainerItemProxy section */
		C6C1191E1E1449AB0041709B /* PBXContainerItemProxy */ = {
			isa = PBXContainerItemProxy;
			containerPortal = C6C119011E1449AA0041709B /* Project object */;
			proxyType = 1;
			remoteGlobalIDString = C6C119081E1449AA0041709B;
			remoteInfo = BukaCak;
		};
		C6C119291E1449AB0041709B /* PBXContainerItemProxy */ = {
			isa = PBXContainerItemProxy;
			containerPortal = C6C119011E1449AA0041709B /* Project object */;
			proxyType = 1;
			remoteGlobalIDString = C6C119081E1449AA0041709B;
			remoteInfo = BukaCak;
		};
/* End PBXContainerItemProxy section */

/* Begin PBXFileReference section */
		C61BD8FB1E185133005DFA97 /* AboutCollectionViewCell.swift */ = {isa = PBXFileReference; fileEncoding = 4; lastKnownFileType = sourcecode.swift; path = AboutCollectionViewCell.swift; sourceTree = "<group>"; };
		C62A4E8F1E1750E700FC81A9 /* EducationViewController.swift */ = {isa = PBXFileReference; fileEncoding = 4; lastKnownFileType = sourcecode.swift; path = EducationViewController.swift; sourceTree = "<group>"; };
		C62A4E911E1758CE00FC81A9 /* SkillViewController.swift */ = {isa = PBXFileReference; fileEncoding = 4; lastKnownFileType = sourcecode.swift; path = SkillViewController.swift; sourceTree = "<group>"; };
		C62E1EB41E1D78FF00CDB41D /* EducationElementViewController.swift */ = {isa = PBXFileReference; fileEncoding = 4; lastKnownFileType = sourcecode.swift; path = EducationElementViewController.swift; sourceTree = "<group>"; };
		C6C119091E1449AB0041709B /* BukaCak.app */ = {isa = PBXFileReference; explicitFileType = wrapper.application; includeInIndex = 0; path = BukaCak.app; sourceTree = BUILT_PRODUCTS_DIR; };
		C6C1190C1E1449AB0041709B /* AppDelegate.swift */ = {isa = PBXFileReference; lastKnownFileType = sourcecode.swift; path = AppDelegate.swift; sourceTree = "<group>"; };
		C6C119111E1449AB0041709B /* Base */ = {isa = PBXFileReference; lastKnownFileType = file.storyboard; name = Base; path = Base.lproj/Main.storyboard; sourceTree = "<group>"; };
		C6C119131E1449AB0041709B /* Assets.xcassets */ = {isa = PBXFileReference; lastKnownFileType = folder.assetcatalog; path = Assets.xcassets; sourceTree = "<group>"; };
		C6C119161E1449AB0041709B /* Base */ = {isa = PBXFileReference; lastKnownFileType = file.storyboard; name = Base; path = Base.lproj/LaunchScreen.storyboard; sourceTree = "<group>"; };
		C6C119181E1449AB0041709B /* Info.plist */ = {isa = PBXFileReference; lastKnownFileType = text.plist.xml; path = Info.plist; sourceTree = "<group>"; };
		C6C1191D1E1449AB0041709B /* BukaCakTests.xctest */ = {isa = PBXFileReference; explicitFileType = wrapper.cfbundle; includeInIndex = 0; path = BukaCakTests.xctest; sourceTree = BUILT_PRODUCTS_DIR; };
		C6C119211E1449AB0041709B /* BukaCakTests.swift */ = {isa = PBXFileReference; lastKnownFileType = sourcecode.swift; path = BukaCakTests.swift; sourceTree = "<group>"; };
		C6C119231E1449AB0041709B /* Info.plist */ = {isa = PBXFileReference; lastKnownFileType = text.plist.xml; path = Info.plist; sourceTree = "<group>"; };
		C6C119281E1449AB0041709B /* BukaCakUITests.xctest */ = {isa = PBXFileReference; explicitFileType = wrapper.cfbundle; includeInIndex = 0; path = BukaCakUITests.xctest; sourceTree = BUILT_PRODUCTS_DIR; };
		C6C1192C1E1449AB0041709B /* BukaCakUITests.swift */ = {isa = PBXFileReference; lastKnownFileType = sourcecode.swift; path = BukaCakUITests.swift; sourceTree = "<group>"; };
		C6C1192E1E1449AB0041709B /* Info.plist */ = {isa = PBXFileReference; lastKnownFileType = text.plist.xml; path = Info.plist; sourceTree = "<group>"; };
		C6C1193A1E144C500041709B /* HomeViewController.swift */ = {isa = PBXFileReference; fileEncoding = 4; lastKnownFileType = sourcecode.swift; name = HomeViewController.swift; path = ../HomeViewController.swift; sourceTree = "<group>"; };
		C6D4D4411E16E4D50061FD35 /* AboutViewController.swift */ = {isa = PBXFileReference; fileEncoding = 4; lastKnownFileType = sourcecode.swift; path = AboutViewController.swift; sourceTree = "<group>"; };
		C6D4D4431E16E7C40061FD35 /* CircularTransition.swift */ = {isa = PBXFileReference; fileEncoding = 4; lastKnownFileType = sourcecode.swift; path = CircularTransition.swift; sourceTree = "<group>"; };
		C6DA1D811E19C75200E91556 /* SchoolView.swift */ = {isa = PBXFileReference; fileEncoding = 4; lastKnownFileType = sourcecode.swift; path = SchoolView.swift; sourceTree = "<group>"; };
		C6DA1D831E1B128200E91556 /* ProjectsViewController.swift */ = {isa = PBXFileReference; fileEncoding = 4; lastKnownFileType = sourcecode.swift; path = ProjectsViewController.swift; sourceTree = "<group>"; };
		C6DA1D851E1B174800E91556 /* ProjectsCollectionViewCell.swift */ = {isa = PBXFileReference; fileEncoding = 4; lastKnownFileType = sourcecode.swift; path = ProjectsCollectionViewCell.swift; sourceTree = "<group>"; };
		C6DA1D871E1B228400E91556 /* SkillLoaderView.swift */ = {isa = PBXFileReference; fileEncoding = 4; lastKnownFileType = sourcecode.swift; path = SkillLoaderView.swift; sourceTree = "<group>"; };
		C6E9A6CF1E1C9BA4009FE5B0 /* ContentProjectsViewController.swift */ = {isa = PBXFileReference; fileEncoding = 4; lastKnownFileType = sourcecode.swift; path = ContentProjectsViewController.swift; sourceTree = "<group>"; };
		C6E9A6D51E1C9CC6009FE5B0 /* MainProjectShowCase.swift */ = {isa = PBXFileReference; fileEncoding = 4; lastKnownFileType = sourcecode.swift; path = MainProjectShowCase.swift; sourceTree = "<group>"; };
/* End PBXFileReference section */

/* Begin PBXFrameworksBuildPhase section */
		C6C119061E1449AA0041709B /* Frameworks */ = {
			isa = PBXFrameworksBuildPhase;
			buildActionMask = 2147483647;
			files = (
			);
			runOnlyForDeploymentPostprocessing = 0;
		};
		C6C1191A1E1449AB0041709B /* Frameworks */ = {
			isa = PBXFrameworksBuildPhase;
			buildActionMask = 2147483647;
			files = (
			);
			runOnlyForDeploymentPostprocessing = 0;
		};
		C6C119251E1449AB0041709B /* Frameworks */ = {
			isa = PBXFrameworksBuildPhase;
			buildActionMask = 2147483647;
			files = (
			);
			runOnlyForDeploymentPostprocessing = 0;
		};
/* End PBXFrameworksBuildPhase section */

/* Begin PBXGroup section */
		C6C119001E1449AA0041709B = {
			isa = PBXGroup;
			children = (
				C6C1190B1E1449AB0041709B /* BukaCak */,
				C6C119201E1449AB0041709B /* BukaCakTests */,
				C6C1192B1E1449AB0041709B /* BukaCakUITests */,
				C6C1190A1E1449AB0041709B /* Products */,
			);
			sourceTree = "<group>";
		};
		C6C1190A1E1449AB0041709B /* Products */ = {
			isa = PBXGroup;
			children = (
				C6C119091E1449AB0041709B /* BukaCak.app */,
				C6C1191D1E1449AB0041709B /* BukaCakTests.xctest */,
				C6C119281E1449AB0041709B /* BukaCakUITests.xctest */,
			);
			name = Products;
			sourceTree = "<group>";
		};
		C6C1190B1E1449AB0041709B /* BukaCak */ = {
			isa = PBXGroup;
			children = (
				C6E9A6D41E1C9C8E009FE5B0 /* AnimationAndTransition */,
				C6E9A6D31E1C9C69009FE5B0 /* ProjectShowCase */,
				C6E9A6D21E1C9C30009FE5B0 /* MainMenuViewController */,
				C6E9A6D11E1C9C11009FE5B0 /* Views */,
				C6C1190C1E1449AB0041709B /* AppDelegate.swift */,
				C6C119101E1449AB0041709B /* Main.storyboard */,
				C6C119131E1449AB0041709B /* Assets.xcassets */,
				C6C119151E1449AB0041709B /* LaunchScreen.storyboard */,
				C6C119181E1449AB0041709B /* Info.plist */,
				C62E1EB41E1D78FF00CDB41D /* EducationElementViewController.swift */,
			);
			path = BukaCak;
			sourceTree = "<group>";
		};
		C6C119201E1449AB0041709B /* BukaCakTests */ = {
			isa = PBXGroup;
			children = (
				C6C119211E1449AB0041709B /* BukaCakTests.swift */,
				C6C119231E1449AB0041709B /* Info.plist */,
			);
			path = BukaCakTests;
			sourceTree = "<group>";
		};
		C6C1192B1E1449AB0041709B /* BukaCakUITests */ = {
			isa = PBXGroup;
			children = (
				C6C1192C1E1449AB0041709B /* BukaCakUITests.swift */,
				C6C1192E1E1449AB0041709B /* Info.plist */,
			);
			path = BukaCakUITests;
			sourceTree = "<group>";
		};
		C6E9A6D11E1C9C11009FE5B0 /* Views */ = {
			isa = PBXGroup;
			children = (
				C6DA1D811E19C75200E91556 /* SchoolView.swift */,
				C61BD8FB1E185133005DFA97 /* AboutCollectionViewCell.swift */,
				C6DA1D851E1B174800E91556 /* ProjectsCollectionViewCell.swift */,
			);
			name = Views;
			sourceTree = "<group>";
		};
		C6E9A6D21E1C9C30009FE5B0 /* MainMenuViewController */ = {
			isa = PBXGroup;
			children = (
				C6C1193A1E144C500041709B /* HomeViewController.swift */,
				C6D4D4411E16E4D50061FD35 /* AboutViewController.swift */,
				C62A4E8F1E1750E700FC81A9 /* EducationViewController.swift */,
				C6DA1D831E1B128200E91556 /* ProjectsViewController.swift */,
				C62A4E911E1758CE00FC81A9 /* SkillViewController.swift */,
			);
			name = MainMenuViewController;
			sourceTree = "<group>";
		};
		C6E9A6D31E1C9C69009FE5B0 /* ProjectShowCase */ = {
			isa = PBXGroup;
			children = (
				C6E9A6CF1E1C9BA4009FE5B0 /* ContentProjectsViewController.swift */,
				C6E9A6D51E1C9CC6009FE5B0 /* MainProjectShowCase.swift */,
			);
			name = ProjectShowCase;
			sourceTree = "<group>";
		};
		C6E9A6D41E1C9C8E009FE5B0 /* AnimationAndTransition */ = {
			isa = PBXGroup;
			children = (
				C6DA1D871E1B228400E91556 /* SkillLoaderView.swift */,
				C6D4D4431E16E7C40061FD35 /* CircularTransition.swift */,
			);
			name = AnimationAndTransition;
			sourceTree = "<group>";
		};
/* End PBXGroup section */

/* Begin PBXNativeTarget section */
		C6C119081E1449AA0041709B /* BukaCak */ = {
			isa = PBXNativeTarget;
			buildConfigurationList = C6C119311E1449AB0041709B /* Build configuration list for PBXNativeTarget "BukaCak" */;
			buildPhases = (
				C6C119051E1449AA0041709B /* Sources */,
				C6C119061E1449AA0041709B /* Frameworks */,
				C6C119071E1449AA0041709B /* Resources */,
			);
			buildRules = (
			);
			dependencies = (
			);
			name = BukaCak;
			productName = BukaCak;
			productReference = C6C119091E1449AB0041709B /* BukaCak.app */;
			productType = "com.apple.product-type.application";
		};
		C6C1191C1E1449AB0041709B /* BukaCakTests */ = {
			isa = PBXNativeTarget;
			buildConfigurationList = C6C119341E1449AB0041709B /* Build configuration list for PBXNativeTarget "BukaCakTests" */;
			buildPhases = (
				C6C119191E1449AB0041709B /* Sources */,
				C6C1191A1E1449AB0041709B /* Frameworks */,
				C6C1191B1E1449AB0041709B /* Resources */,
			);
			buildRules = (
			);
			dependencies = (
				C6C1191F1E1449AB0041709B /* PBXTargetDependency */,
			);
			name = BukaCakTests;
			productName = BukaCakTests;
			productReference = C6C1191D1E1449AB0041709B /* BukaCakTests.xctest */;
			productType = "com.apple.product-type.bundle.unit-test";
		};
		C6C119271E1449AB0041709B /* BukaCakUITests */ = {
			isa = PBXNativeTarget;
			buildConfigurationList = C6C119371E1449AB0041709B /* Build configuration list for PBXNativeTarget "BukaCakUITests" */;
			buildPhases = (
				C6C119241E1449AB0041709B /* Sources */,
				C6C119251E1449AB0041709B /* Frameworks */,
				C6C119261E1449AB0041709B /* Resources */,
			);
			buildRules = (
			);
			dependencies = (
				C6C1192A1E1449AB0041709B /* PBXTargetDependency */,
			);
			name = BukaCakUITests;
			productName = BukaCakUITests;
			productReference = C6C119281E1449AB0041709B /* BukaCakUITests.xctest */;
			productType = "com.apple.product-type.bundle.ui-testing";
		};
/* End PBXNativeTarget section */

/* Begin PBXProject section */
		C6C119011E1449AA0041709B /* Project object */ = {
			isa = PBXProject;
			attributes = {
				LastSwiftUpdateCheck = 0810;
				LastUpgradeCheck = 0810;
				ORGANIZATIONNAME = "Buka Cakrawala";
				TargetAttributes = {
					C6C119081E1449AA0041709B = {
						CreatedOnToolsVersion = 8.1;
						DevelopmentTeam = T9R33YRSR8;
						ProvisioningStyle = Automatic;
					};
					C6C1191C1E1449AB0041709B = {
						CreatedOnToolsVersion = 8.1;
						DevelopmentTeam = T9R33YRSR8;
						ProvisioningStyle = Automatic;
						TestTargetID = C6C119081E1449AA0041709B;
					};
					C6C119271E1449AB0041709B = {
						CreatedOnToolsVersion = 8.1;
						DevelopmentTeam = T9R33YRSR8;
						ProvisioningStyle = Automatic;
						TestTargetID = C6C119081E1449AA0041709B;
					};
				};
			};
			buildConfigurationList = C6C119041E1449AA0041709B /* Build configuration list for PBXProject "BukaCak" */;
			compatibilityVersion = "Xcode 3.2";
			developmentRegion = English;
			hasScannedForEncodings = 0;
			knownRegions = (
				en,
				Base,
			);
			mainGroup = C6C119001E1449AA0041709B;
			productRefGroup = C6C1190A1E1449AB0041709B /* Products */;
			projectDirPath = "";
			projectRoot = "";
			targets = (
				C6C119081E1449AA0041709B /* BukaCak */,
				C6C1191C1E1449AB0041709B /* BukaCakTests */,
				C6C119271E1449AB0041709B /* BukaCakUITests */,
			);
		};
/* End PBXProject section */

/* Begin PBXResourcesBuildPhase section */
		C6C119071E1449AA0041709B /* Resources */ = {
			isa = PBXResourcesBuildPhase;
			buildActionMask = 2147483647;
			files = (
				C6C119171E1449AB0041709B /* LaunchScreen.storyboard in Resources */,
				C6C119141E1449AB0041709B /* Assets.xcassets in Resources */,
				C6C119121E1449AB0041709B /* Main.storyboard in Resources */,
			);
			runOnlyForDeploymentPostprocessing = 0;
		};
		C6C1191B1E1449AB0041709B /* Resources */ = {
			isa = PBXResourcesBuildPhase;
			buildActionMask = 2147483647;
			files = (
			);
			runOnlyForDeploymentPostprocessing = 0;
		};
		C6C119261E1449AB0041709B /* Resources */ = {
			isa = PBXResourcesBuildPhase;
			buildActionMask = 2147483647;
			files = (
			);
			runOnlyForDeploymentPostprocessing = 0;
		};
/* End PBXResourcesBuildPhase section */

/* Begin PBXSourcesBuildPhase section */
		C6C119051E1449AA0041709B /* Sources */ = {
			isa = PBXSourcesBuildPhase;
			buildActionMask = 2147483647;
			files = (
				C6DA1D881E1B228400E91556 /* SkillLoaderView.swift in Sources */,
				C62A4E921E1758CE00FC81A9 /* SkillViewController.swift in Sources */,
				C6C1190D1E1449AB0041709B /* AppDelegate.swift in Sources */,
				C62A4E901E1750E700FC81A9 /* EducationViewController.swift in Sources */,
				C6DA1D841E1B128200E91556 /* ProjectsViewController.swift in Sources */,
				C6C1193B1E144C500041709B /* HomeViewController.swift in Sources */,
				C6D4D4441E16E7C40061FD35 /* CircularTransition.swift in Sources */,
				C6E9A6D61E1C9CC6009FE5B0 /* MainProjectShowCase.swift in Sources */,
				C6DA1D821E19C75200E91556 /* SchoolView.swift in Sources */,
				C6D4D4421E16E4D50061FD35 /* AboutViewController.swift in Sources */,
				C6DA1D861E1B174800E91556 /* ProjectsCollectionViewCell.swift in Sources */,
				C6E9A6D01E1C9BA4009FE5B0 /* ContentProjectsViewController.swift in Sources */,
				C62E1EB51E1D78FF00CDB41D /* EducationElementViewController.swift in Sources */,
				C61BD8FC1E185133005DFA97 /* AboutCollectionViewCell.swift in Sources */,
			);
			runOnlyForDeploymentPostprocessing = 0;
		};
		C6C119191E1449AB0041709B /* Sources */ = {
			isa = PBXSourcesBuildPhase;
			buildActionMask = 2147483647;
			files = (
				C6C119221E1449AB0041709B /* BukaCakTests.swift in Sources */,
			);
			runOnlyForDeploymentPostprocessing = 0;
		};
		C6C119241E1449AB0041709B /* Sources */ = {
			isa = PBXSourcesBuildPhase;
			buildActionMask = 2147483647;
			files = (
				C6C1192D1E1449AB0041709B /* BukaCakUITests.swift in Sources */,
			);
			runOnlyForDeploymentPostprocessing = 0;
		};
/* End PBXSourcesBuildPhase section */

/* Begin PBXTargetDependency section */
		C6C1191F1E1449AB0041709B /* PBXTargetDependency */ = {
			isa = PBXTargetDependency;
			target = C6C119081E1449AA0041709B /* BukaCak */;
			targetProxy = C6C1191E1E1449AB0041709B /* PBXContainerItemProxy */;
		};
		C6C1192A1E1449AB0041709B /* PBXTargetDependency */ = {
			isa = PBXTargetDependency;
			target = C6C119081E1449AA0041709B /* BukaCak */;
			targetProxy = C6C119291E1449AB0041709B /* PBXContainerItemProxy */;
		};
/* End PBXTargetDependency section */

/* Begin PBXVariantGroup section */
		C6C119101E1449AB0041709B /* Main.storyboard */ = {
			isa = PBXVariantGroup;
			children = (
				C6C119111E1449AB0041709B /* Base */,
			);
			name = Main.storyboard;
			sourceTree = "<group>";
		};
		C6C119151E1449AB0041709B /* LaunchScreen.storyboard */ = {
			isa = PBXVariantGroup;
			children = (
				C6C119161E1449AB0041709B /* Base */,
			);
			name = LaunchScreen.storyboard;
			sourceTree = "<group>";
		};
/* End PBXVariantGroup section */

/* Begin XCBuildConfiguration section */
		C6C1192F1E1449AB0041709B /* Debug */ = {
			isa = XCBuildConfiguration;
			buildSettings = {
				ALWAYS_SEARCH_USER_PATHS = NO;
				CLANG_ANALYZER_NONNULL = YES;
				CLANG_CXX_LANGUAGE_STANDARD = "gnu++0x";
				CLANG_CXX_LIBRARY = "libc++";
				CLANG_ENABLE_MODULES = YES;
				CLANG_ENABLE_OBJC_ARC = YES;
				CLANG_WARN_BOOL_CONVERSION = YES;
				CLANG_WARN_CONSTANT_CONVERSION = YES;
				CLANG_WARN_DIRECT_OBJC_ISA_USAGE = YES_ERROR;
				CLANG_WARN_DOCUMENTATION_COMMENTS = YES;
				CLANG_WARN_EMPTY_BODY = YES;
				CLANG_WARN_ENUM_CONVERSION = YES;
				CLANG_WARN_INFINITE_RECURSION = YES;
				CLANG_WARN_INT_CONVERSION = YES;
				CLANG_WARN_OBJC_ROOT_CLASS = YES_ERROR;
				CLANG_WARN_SUSPICIOUS_MOVES = YES;
				CLANG_WARN_UNREACHABLE_CODE = YES;
				CLANG_WARN__DUPLICATE_METHOD_MATCH = YES;
				"CODE_SIGN_IDENTITY[sdk=iphoneos*]" = "iPhone Developer";
				COPY_PHASE_STRIP = NO;
				DEBUG_INFORMATION_FORMAT = dwarf;
				ENABLE_STRICT_OBJC_MSGSEND = YES;
				ENABLE_TESTABILITY = YES;
				GCC_C_LANGUAGE_STANDARD = gnu99;
				GCC_DYNAMIC_NO_PIC = NO;
				GCC_NO_COMMON_BLOCKS = YES;
				GCC_OPTIMIZATION_LEVEL = 0;
				GCC_PREPROCESSOR_DEFINITIONS = (
					"DEBUG=1",
					"$(inherited)",
				);
				GCC_WARN_64_TO_32_BIT_CONVERSION = YES;
				GCC_WARN_ABOUT_RETURN_TYPE = YES_ERROR;
				GCC_WARN_UNDECLARED_SELECTOR = YES;
				GCC_WARN_UNINITIALIZED_AUTOS = YES_AGGRESSIVE;
				GCC_WARN_UNUSED_FUNCTION = YES;
				GCC_WARN_UNUSED_VARIABLE = YES;
				IPHONEOS_DEPLOYMENT_TARGET = 10.1;
				MTL_ENABLE_DEBUG_INFO = YES;
				ONLY_ACTIVE_ARCH = YES;
				SDKROOT = iphoneos;
				SWIFT_ACTIVE_COMPILATION_CONDITIONS = DEBUG;
				SWIFT_OPTIMIZATION_LEVEL = "-Onone";
			};
			name = Debug;
		};
		C6C119301E1449AB0041709B /* Release */ = {
			isa = XCBuildConfiguration;
			buildSettings = {
				ALWAYS_SEARCH_USER_PATHS = NO;
				CLANG_ANALYZER_NONNULL = YES;
				CLANG_CXX_LANGUAGE_STANDARD = "gnu++0x";
				CLANG_CXX_LIBRARY = "libc++";
				CLANG_ENABLE_MODULES = YES;
				CLANG_ENABLE_OBJC_ARC = YES;
				CLANG_WARN_BOOL_CONVERSION = YES;
				CLANG_WARN_CONSTANT_CONVERSION = YES;
				CLANG_WARN_DIRECT_OBJC_ISA_USAGE = YES_ERROR;
				CLANG_WARN_DOCUMENTATION_COMMENTS = YES;
				CLANG_WARN_EMPTY_BODY = YES;
				CLANG_WARN_ENUM_CONVERSION = YES;
				CLANG_WARN_INFINITE_RECURSION = YES;
				CLANG_WARN_INT_CONVERSION = YES;
				CLANG_WARN_OBJC_ROOT_CLASS = YES_ERROR;
				CLANG_WARN_SUSPICIOUS_MOVES = YES;
				CLANG_WARN_UNREACHABLE_CODE = YES;
				CLANG_WARN__DUPLICATE_METHOD_MATCH = YES;
				"CODE_SIGN_IDENTITY[sdk=iphoneos*]" = "iPhone Developer";
				COPY_PHASE_STRIP = NO;
				DEBUG_INFORMATION_FORMAT = "dwarf-with-dsym";
				ENABLE_NS_ASSERTIONS = NO;
				ENABLE_STRICT_OBJC_MSGSEND = YES;
				GCC_C_LANGUAGE_STANDARD = gnu99;
				GCC_NO_COMMON_BLOCKS = YES;
				GCC_WARN_64_TO_32_BIT_CONVERSION = YES;
				GCC_WARN_ABOUT_RETURN_TYPE = YES_ERROR;
				GCC_WARN_UNDECLARED_SELECTOR = YES;
				GCC_WARN_UNINITIALIZED_AUTOS = YES_AGGRESSIVE;
				GCC_WARN_UNUSED_FUNCTION = YES;
				GCC_WARN_UNUSED_VARIABLE = YES;
				IPHONEOS_DEPLOYMENT_TARGET = 10.1;
				MTL_ENABLE_DEBUG_INFO = NO;
				SDKROOT = iphoneos;
				SWIFT_OPTIMIZATION_LEVEL = "-Owholemodule";
				VALIDATE_PRODUCT = YES;
			};
			name = Release;
		};
		C6C119321E1449AB0041709B /* Debug */ = {
			isa = XCBuildConfiguration;
			buildSettings = {
				ASSETCATALOG_COMPILER_APPICON_NAME = AppIcon;
				DEVELOPMENT_TEAM = T9R33YRSR8;
				INFOPLIST_FILE = BukaCak/Info.plist;
				LD_RUNPATH_SEARCH_PATHS = "$(inherited) @executable_path/Frameworks";
				PRODUCT_BUNDLE_IDENTIFIER = com.kaka.BukaCak;
				PRODUCT_NAME = "$(TARGET_NAME)";
				SWIFT_VERSION = 3.0;
			};
			name = Debug;
		};
		C6C119331E1449AB0041709B /* Release */ = {
			isa = XCBuildConfiguration;
			buildSettings = {
				ASSETCATALOG_COMPILER_APPICON_NAME = AppIcon;
				DEVELOPMENT_TEAM = T9R33YRSR8;
				INFOPLIST_FILE = BukaCak/Info.plist;
				LD_RUNPATH_SEARCH_PATHS = "$(inherited) @executable_path/Frameworks";
				PRODUCT_BUNDLE_IDENTIFIER = com.kaka.BukaCak;
				PRODUCT_NAME = "$(TARGET_NAME)";
				SWIFT_VERSION = 3.0;
			};
			name = Release;
		};
		C6C119351E1449AB0041709B /* Debug */ = {
			isa = XCBuildConfiguration;
			buildSettings = {
				ALWAYS_EMBED_SWIFT_STANDARD_LIBRARIES = YES;
				BUNDLE_LOADER = "$(TEST_HOST)";
				DEVELOPMENT_TEAM = T9R33YRSR8;
				INFOPLIST_FILE = BukaCakTests/Info.plist;
				LD_RUNPATH_SEARCH_PATHS = "$(inherited) @executable_path/Frameworks @loader_path/Frameworks";
				PRODUCT_BUNDLE_IDENTIFIER = com.kaka.BukaCakTests;
				PRODUCT_NAME = "$(TARGET_NAME)";
				SWIFT_VERSION = 3.0;
				TEST_HOST = "$(BUILT_PRODUCTS_DIR)/BukaCak.app/BukaCak";
			};
			name = Debug;
		};
		C6C119361E1449AB0041709B /* Release */ = {
			isa = XCBuildConfiguration;
			buildSettings = {
				ALWAYS_EMBED_SWIFT_STANDARD_LIBRARIES = YES;
				BUNDLE_LOADER = "$(TEST_HOST)";
				DEVELOPMENT_TEAM = T9R33YRSR8;
				INFOPLIST_FILE = BukaCakTests/Info.plist;
				LD_RUNPATH_SEARCH_PATHS = "$(inherited) @executable_path/Frameworks @loader_path/Frameworks";
				PRODUCT_BUNDLE_IDENTIFIER = com.kaka.BukaCakTests;
				PRODUCT_NAME = "$(TARGET_NAME)";
				SWIFT_VERSION = 3.0;
				TEST_HOST = "$(BUILT_PRODUCTS_DIR)/BukaCak.app/BukaCak";
			};
			name = Release;
		};
		C6C119381E1449AB0041709B /* Debug */ = {
			isa = XCBuildConfiguration;
			buildSettings = {
				ALWAYS_EMBED_SWIFT_STANDARD_LIBRARIES = YES;
				DEVELOPMENT_TEAM = T9R33YRSR8;
				INFOPLIST_FILE = BukaCakUITests/Info.plist;
				LD_RUNPATH_SEARCH_PATHS = "$(inherited) @executable_path/Frameworks @loader_path/Frameworks";
				PRODUCT_BUNDLE_IDENTIFIER = com.kaka.BukaCakUITests;
				PRODUCT_NAME = "$(TARGET_NAME)";
				SWIFT_VERSION = 3.0;
				TEST_TARGET_NAME = BukaCak;
			};
			name = Debug;
		};
		C6C119391E1449AB0041709B /* Release */ = {
			isa = XCBuildConfiguration;
			buildSettings = {
				ALWAYS_EMBED_SWIFT_STANDARD_LIBRARIES = YES;
				DEVELOPMENT_TEAM = T9R33YRSR8;
				INFOPLIST_FILE = BukaCakUITests/Info.plist;
				LD_RUNPATH_SEARCH_PATHS = "$(inherited) @executable_path/Frameworks @loader_path/Frameworks";
				PRODUCT_BUNDLE_IDENTIFIER = com.kaka.BukaCakUITests;
				PRODUCT_NAME = "$(TARGET_NAME)";
				SWIFT_VERSION = 3.0;
				TEST_TARGET_NAME = BukaCak;
			};
			name = Release;
		};
/* End XCBuildConfiguration section */

/* Begin XCConfigurationList section */
		C6C119041E1449AA0041709B /* Build configuration list for PBXProject "BukaCak" */ = {
			isa = XCConfigurationList;
			buildConfigurations = (
				C6C1192F1E1449AB0041709B /* Debug */,
				C6C119301E1449AB0041709B /* Release */,
			);
			defaultConfigurationIsVisible = 0;
			defaultConfigurationName = Release;
		};
		C6C119311E1449AB0041709B /* Build configuration list for PBXNativeTarget "BukaCak" */ = {
			isa = XCConfigurationList;
			buildConfigurations = (
				C6C119321E1449AB0041709B /* Debug */,
				C6C119331E1449AB0041709B /* Release */,
			);
			defaultConfigurationIsVisible = 0;
			defaultConfigurationName = Release;
		};
		C6C119341E1449AB0041709B /* Build configuration list for PBXNativeTarget "BukaCakTests" */ = {
			isa = XCConfigurationList;
			buildConfigurations = (
				C6C119351E1449AB0041709B /* Debug */,
				C6C119361E1449AB0041709B /* Release */,
			);
			defaultConfigurationIsVisible = 0;
			defaultConfigurationName = Release;
		};
		C6C119371E1449AB0041709B /* Build configuration list for PBXNativeTarget "BukaCakUITests" */ = {
			isa = XCConfigurationList;
			buildConfigurations = (
				C6C119381E1449AB0041709B /* Debug */,
				C6C119391E1449AB0041709B /* Release */,
			);
			defaultConfigurationIsVisible = 0;
			defaultConfigurationName = Release;
		};
/* End XCConfigurationList section */
	};
	rootObject = C6C119011E1449AA0041709B /* Project object */;
}
